
Microsoft Visual Studio Solution File, Format Version 12.00
# Visual Studio Version 16
VisualStudioVersion = 16.0.31515.178
MinimumVisualStudioVersion = 10.0.40219.1
Project("{FAE04EC0-301F-11D3-BF4B-00C04F79EFBC}") = "Servicios", "Servicios\Servicios.csproj", "{2760AEE0-27F1-494C-A9C0-3C4E9932A5BF}"
EndProject
Global
	GlobalSection(SolutionConfigurationPlatforms) = preSolution
		Debug|Any CPU = Debug|Any CPU
		Release|Any CPU = Release|Any CPU
	EndGlobalSection
	GlobalSection(ProjectConfigurationPlatforms) = postSolution
		{2760AEE0-27F1-494C-A9C0-3C4E9932A5BF}.Debug|Any CPU.ActiveCfg = Debug|Any CPU
		{2760AEE0-27F1-494C-A9C0-3C4E9932A5BF}.Debug|Any CPU.Build.0 = Debug|Any CPU
		{2760AEE0-27F1-494C-A9C0-3C4E9932A5BF}.Release|Any CPU.ActiveCfg = Release|Any CPU
		{2760AEE0-27F1-494C-A9C0-3C4E9932A5BF}.Release|Any CPU.Build.0 = Release|Any CPU
	EndGlobalSection
	GlobalSection(SolutionProperties) = preSolution
		HideSolutionNode = FALSE
	EndGlobalSection
	GlobalSection(ExtensibilityGlobals) = postSolution
		SolutionGuid = {41018C47-7C44-42A1-A0F9-1BD39B0E69E9}
	EndGlobalSection
EndGlobal
